{
    "composer/package-versions-deprecated": {
        "version": "1.x-dev"
    },
    "composer/semver": {
        "version": "3.x-dev"
    },
    "composer/xdebug-handler": {
        "version": "1.4.5"
    },
    "doctrine/common": {
        "version": "3.1.x-dev"
    },
    "doctrine/dbal": {
        "version": "2.12.x-dev"
    },
    "doctrine/doctrine-bundle": {
        "version": "2.0",
        "recipe": {
            "repo": "github.com/symfony/recipes",
            "branch": "master",
            "version": "2.0",
            "ref": "368794356c1fb634e58b38ad2addb36933f2e73e"
        },
        "files": [
            "config/packages/doctrine.yaml",
            "config/packages/prod/doctrine.yaml",
            "src/Entity/.gitignore",
            "src/Repository/.gitignore"
        ]
    },
    "doctrine/doctrine-migrations-bundle": {
        "version": "2.2",
        "recipe": {
            "repo": "github.com/symfony/recipes",
            "branch": "master",
            "version": "2.2",
            "ref": "baaa439e3e3179e69e3da84b671f0a3e4a2f56ad"
        },
        "files": [
            "config/packages/doctrine_migrations.yaml",
            "migrations/.gitignore"
        ]
    },
    "doctrine/event-manager": {
        "version": "1.1.x-dev"
    },
    "doctrine/inflector": {
        "version": "2.1.x-dev"
    },
    "doctrine/instantiator": {
        "version": "1.5.x-dev"
    },
    "doctrine/migrations": {
        "version": "3.1.x-dev"
    },
    "doctrine/orm": {
        "version": "2.9.x-dev"
    },
    "doctrine/persistence": {
        "version": "2.2.x-dev"
    },
    "doctrine/sql-formatter": {
        "version": "1.x-dev"
    },
    "jean85/pretty-package-versions": {
        "version": "1.x-dev"
    },
    "jetbrains/phpstorm-attributes": {
        "version": "dev-master"
    },
    "laminas/laminas-code": {
        "version": "3.5.x-dev"
    },
    "laminas/laminas-eventmanager": {
        "version": "3.4.x-dev"
    },
    "laminas/laminas-zendframework-bridge": {
        "version": "1.2.x-dev"
    },
    "nette/finder": {
        "version": "v2.5.x-dev"
    },
    "nette/neon": {
        "version": "3.2-dev"
    },
    "nette/robot-loader": {
        "version": "3.3-dev"
    },
    "nette/utils": {
        "version": "3.2-dev"
    },
    "nikic/php-parser": {
        "version": "v4.10.4"
    },
    "ocramius/proxy-manager": {
        "version": "2.11.x-dev"
    },
    "php": {
        "version": "7.4"
    },
    "phpstan/phpdoc-parser": {
        "version": "0.4-dev"
    },
    "phpstan/phpstan": {
        "version": "0.12-dev"
    },
    "phpstan/phpstan-phpunit": {
        "version": "0.12-dev"
    },
    "psr/event-dispatcher": {
        "version": "1.0.x-dev"
    },
    "psr/simple-cache": {
        "version": "1.0.x-dev"
    },
    "rector/rector": {
        "version": "dev-master"
    },
    "sebastian/diff": {
        "version": "4.0-dev"
    },
    "symfony/contracts": {
        "version": "2.3-dev"
    },
    "symfony/flex": {
        "version": "1.0",
        "recipe": {
            "repo": "github.com/symfony/recipes",
            "branch": "master",
            "version": "1.0",
            "ref": "c0eeb50665f0f77226616b6038a9b06c03752d8e"
        },
        "files": [
            ".env"
        ]
    },
    "symfony/orm-pack": {
        "version": "v2.1.0"
    },
    "symfony/polyfill-intl-grapheme": {
        "version": "1.21-dev"
    },
    "symfony/polyfill-intl-idn": {
        "version": "1.21-dev"
    },
    "symfony/polyfill-intl-normalizer": {
        "version": "1.21-dev"
    },
    "symfony/polyfill-php72": {
        "version": "1.21-dev"
    },
    "symfony/polyfill-php73": {
        "version": "1.21-dev"
    },
    "symfony/polyfill-php80": {
        "version": "1.21-dev"
    },
    "symfony/polyfill-uuid": {
        "version": "1.21-dev"
    },
    "symplify/astral": {
        "version": "9.1-dev"
    },
    "symplify/autowire-array-parameter": {
        "version": "9.1-dev"
    },
    "symplify/composer-json-manipulator": {
        "version": "9.1-dev"
    },
    "symplify/console-color-diff": {
        "version": "9.1-dev"
    },
    "symplify/console-package-builder": {
        "version": "9.1-dev"
    },
    "symplify/easy-testing": {
        "version": "9.1-dev"
    },
    "symplify/markdown-diff": {
        "version": "9.1-dev"
    },
    "symplify/package-builder": {
        "version": "9.1-dev"
    },
    "symplify/php-config-printer": {
        "version": "9.1-dev"
    },
    "symplify/rule-doc-generator": {
        "version": "9.1-dev"
    },
    "symplify/set-config-resolver": {
        "version": "9.1-dev"
    },
    "symplify/simple-php-doc-parser": {
        "version": "9.1-dev"
    },
    "symplify/skipper": {
        "version": "9.1-dev"
    },
    "symplify/smart-file-system": {
        "version": "9.1-dev"
    },
    "symplify/symfony-php-config": {
        "version": "9.1-dev"
    },
    "symplify/symplify-kernel": {
        "version": "9.1-dev"
    },
    "webimpress/safe-writer": {
        "version": "2.2.x-dev"
    },
    "webmozart/assert": {
        "version": "1.9.1"
    }
}
